
Microsoft Visual Studio Solution File, Format Version 10.00
# Visual C# Express 2008
Project("{FAE04EC0-301F-11D3-BF4B-00C04F79EFBC}") = "hqNx_xbox", "hqNx\hqNx_xbox.csproj", "{5D280ADD-4A3E-4953-9FBE-12FF37D85B52}"
EndProject
Global
	GlobalSection(SolutionConfigurationPlatforms) = preSolution
		Debug|Xbox 360 = Debug|Xbox 360
		Release|Xbox 360 = Release|Xbox 360
	EndGlobalSection
	GlobalSection(ProjectConfigurationPlatforms) = postSolution
		{5D280ADD-4A3E-4953-9FBE-12FF37D85B52}.Debug|Xbox 360.ActiveCfg = Debug|Xbox 360
		{5D280ADD-4A3E-4953-9FBE-12FF37D85B52}.Debug|Xbox 360.Build.0 = Debug|Xbox 360
		{5D280ADD-4A3E-4953-9FBE-12FF37D85B52}.Debug|Xbox 360.Deploy.0 = Debug|Xbox 360
		{5D280ADD-4A3E-4953-9FBE-12FF37D85B52}.Release|Xbox 360.ActiveCfg = Release|Xbox 360
		{5D280ADD-4A3E-4953-9FBE-12FF37D85B52}.Release|Xbox 360.Build.0 = Release|Xbox 360
		{5D280ADD-4A3E-4953-9FBE-12FF37D85B52}.Release|Xbox 360.Deploy.0 = Release|Xbox 360
		{9980E682-E329-4A44-9513-CB8CF922CABC}.Debug|Xbox 360.ActiveCfg = Debug|x86
		{9980E682-E329-4A44-9513-CB8CF922CABC}.Release|Xbox 360.ActiveCfg = Release|x86
	EndGlobalSection
	GlobalSection(SolutionProperties) = preSolution
		HideSolutionNode = FALSE
	EndGlobalSection
EndGlobal
